# THIS IS AN AUTOGENERATED FILE. DO NOT EDIT THIS FILE DIRECTLY.
# yarn lockfile v1


wudebao@^1.0.0:
  version "1.0.0"
  resolved "https://registry.yarnpkg.com/wudebao/-/wudebao-1.0.0.tgz#89fd97e42535b2c20c03402400079d52afd831d3"
  integrity sha512-0TIGz0SmkUJQexd+iLoPIHvZyezO3MLxctGwHclSXkV6mEow9pJpGxI+HqTZLY5+Zpy46CIBqbU238KyBXASsw==
